Microsoft Visual Studio Solution File, Format Version 12.00
# Visual Studio Version 18
VisualStudioVersion = 18.5.11723.231 stable
MinimumVisualStudioVersion = 10.0.40219.1
Project("{FAE04EC0-301F-11D3-BF4B-00C04F79EFBC}") = "AuraExamplesPlugin", "AuraExamplesPlugin\AuraExamplesPlugin.csproj", "{68C77C86-CCBA-4208-B835-422831DA6AE5}"
EndProject
Global
	GlobalSection(SolutionConfigurationPlatforms) = preSolution
		Debug|x64 = Debug|x64
		Release|x64 = Release|x64
	EndGlobalSection
	GlobalSection(ProjectConfigurationPlatforms) = postSolution
		{68C77C86-CCBA-4208-B835-422831DA6AE5}.Debug|x64.ActiveCfg = Debug|x64
		{68C77C86-CCBA-4208-B835-422831DA6AE5}.Debug|x64.Build.0 = Debug|x64
		{68C77C86-CCBA-4208-B835-422831DA6AE5}.Release|x64.ActiveCfg = Release|x64
		{68C77C86-CCBA-4208-B835-422831DA6AE5}.Release|x64.Build.0 = Release|x64
	EndGlobalSection
	GlobalSection(SolutionProperties) = preSolution
		HideSolutionNode = FALSE
	EndGlobalSection
	GlobalSection(ExtensibilityGlobals) = postSolution
		        SolutionGuid = {4CCCD285-72C6-4E4D-9D64-E6CE663DED1F}
	EndGlobalSection
EndGlobal
